// !$*UTF8*$!
{
	archiveVersion = 1;
	classes = {
	};
	objectVersion = 46;
	objects = {

/* Begin PBXBuildFile section */
		88C976B0196DCA4E00E2E726 /* Foundation.framework in Frameworks */ = {isa = PBXBuildFile; fileRef = 88C976AF196DCA4E00E2E726 /* Foundation.framework */; };
		88C976B2196DCA4E00E2E726 /* CoreGraphics.framework in Frameworks */ = {isa = PBXBuildFile; fileRef = 88C976B1196DCA4E00E2E726 /* CoreGraphics.framework */; };
		88C976B4196DCA4E00E2E726 /* UIKit.framework in Frameworks */ = {isa = PBXBuildFile; fileRef = 88C976B3196DCA4E00E2E726 /* UIKit.framework */; };
		88C976BA196DCA4E00E2E726 /* InfoPlist.strings in Resources */ = {isa = PBXBuildFile; fileRef = 88C976B8196DCA4E00E2E726 /* InfoPlist.strings */; };
		88C976BC196DCA4E00E2E726 /* main.m in Sources */ = {isa = PBXBuildFile; fileRef = 88C976BB196DCA4E00E2E726 /* main.m */; };
		88C976C0196DCA4E00E2E726 /* AppDelegate.m in Sources */ = {isa = PBXBuildFile; fileRef = 88C976BF196DCA4E00E2E726 /* AppDelegate.m */; };
		88C976C3196DCA4E00E2E726 /* Main.storyboard in Resources */ = {isa = PBXBuildFile; fileRef = 88C976C1196DCA4E00E2E726 /* Main.storyboard */; };
		88C976C6196DCA4E00E2E726 /* ViewController.m in Sources */ = {isa = PBXBuildFile; fileRef = 88C976C5196DCA4E00E2E726 /* ViewController.m */; };
		88C976C8196DCA4E00E2E726 /* Images.xcassets in Resources */ = {isa = PBXBuildFile; fileRef = 88C976C7196DCA4E00E2E726 /* Images.xcassets */; };
		88C976CF196DCA4E00E2E726 /* XCTest.framework in Frameworks */ = {isa = PBXBuildFile; fileRef = 88C976CE196DCA4E00E2E726 /* XCTest.framework */; };
		88C976D0196DCA4E00E2E726 /* Foundation.framework in Frameworks */ = {isa = PBXBuildFile; fileRef = 88C976AF196DCA4E00E2E726 /* Foundation.framework */; };
		88C976D1196DCA4E00E2E726 /* UIKit.framework in Frameworks */ = {isa = PBXBuildFile; fileRef = 88C976B3196DCA4E00E2E726 /* UIKit.framework */; };
		88C976D9196DCA4E00E2E726 /* InfoPlist.strings in Resources */ = {isa = PBXBuildFile; fileRef = 88C976D7196DCA4E00E2E726 /* InfoPlist.strings */; };
		88C976DB196DCA4E00E2E726 /* StenographyTests.m in Sources */ = {isa = PBXBuildFile; fileRef = 88C976DA196DCA4E00E2E726 /* StenographyTests.m */; };
		88C976E5196DCD2F00E2E726 /* cat.jpg in Resources */ = {isa = PBXBuildFile; fileRef = 88C976E4196DCD2F00E2E726 /* cat.jpg */; };
		88C976E8196DCFBF00E2E726 /* Reader.m in Sources */ = {isa = PBXBuildFile; fileRef = 88C976E7196DCFBF00E2E726 /* Reader.m */; };
/* End PBXBuildFile section */

/* Begin PBXContainerItemProxy section */
		88C976D2196DCA4E00E2E726 /* PBXContainerItemProxy */ = {
			isa = PBXContainerItemProxy;
			containerPortal = 88C976A4196DCA4D00E2E726 /* Project object */;
			proxyType = 1;
			remoteGlobalIDString = 88C976AB196DCA4D00E2E726;
			remoteInfo = Stenography;
		};
/* End PBXContainerItemProxy section */

/* Begin PBXFileReference section */
		88C976AC196DCA4E00E2E726 /* Stenography.app */ = {isa = PBXFileReference; explicitFileType = wrapper.application; includeInIndex = 0; path = Stenography.app; sourceTree = BUILT_PRODUCTS_DIR; };
		88C976AF196DCA4E00E2E726 /* Foundation.framework */ = {isa = PBXFileReference; lastKnownFileType = wrapper.framework; name = Foundation.framework; path = System/Library/Frameworks/Foundation.framework; sourceTree = SDKROOT; };
		88C976B1196DCA4E00E2E726 /* CoreGraphics.framework */ = {isa = PBXFileReference; lastKnownFileType = wrapper.framework; name = CoreGraphics.framework; path = System/Library/Frameworks/CoreGraphics.framework; sourceTree = SDKROOT; };
		88C976B3196DCA4E00E2E726 /* UIKit.framework */ = {isa = PBXFileReference; lastKnownFileType = wrapper.framework; name = UIKit.framework; path = System/Library/Frameworks/UIKit.framework; sourceTree = SDKROOT; };
		88C976B7196DCA4E00E2E726 /* Stenography-Info.plist */ = {isa = PBXFileReference; lastKnownFileType = text.plist.xml; path = "Stenography-Info.plist"; sourceTree = "<group>"; };
		88C976B9196DCA4E00E2E726 /* en */ = {isa = PBXFileReference; lastKnownFileType = text.plist.strings; name = en; path = en.lproj/InfoPlist.strings; sourceTree = "<group>"; };
		88C976BB196DCA4E00E2E726 /* main.m */ = {isa = PBXFileReference; lastKnownFileType = sourcecode.c.objc; path = main.m; sourceTree = "<group>"; };
		88C976BD196DCA4E00E2E726 /* Stenography-Prefix.pch */ = {isa = PBXFileReference; lastKnownFileType = sourcecode.c.h; path = "Stenography-Prefix.pch"; sourceTree = "<group>"; };
		88C976BE196DCA4E00E2E726 /* AppDelegate.h */ = {isa = PBXFileReference; lastKnownFileType = sourcecode.c.h; path = AppDelegate.h; sourceTree = "<group>"; };
		88C976BF196DCA4E00E2E726 /* AppDelegate.m */ = {isa = PBXFileReference; lastKnownFileType = sourcecode.c.objc; path = AppDelegate.m; sourceTree = "<group>"; };
		88C976C2196DCA4E00E2E726 /* Base */ = {isa = PBXFileReference; lastKnownFileType = file.storyboard; name = Base; path = Base.lproj/Main.storyboard; sourceTree = "<group>"; };
		88C976C4196DCA4E00E2E726 /* ViewController.h */ = {isa = PBXFileReference; lastKnownFileType = sourcecode.c.h; path = ViewController.h; sourceTree = "<group>"; };
		88C976C5196DCA4E00E2E726 /* ViewController.m */ = {isa = PBXFileReference; lastKnownFileType = sourcecode.c.objc; path = ViewController.m; sourceTree = "<group>"; };
		88C976C7196DCA4E00E2E726 /* Images.xcassets */ = {isa = PBXFileReference; lastKnownFileType = folder.assetcatalog; path = Images.xcassets; sourceTree = "<group>"; };
		88C976CD196DCA4E00E2E726 /* StenographyTests.xctest */ = {isa = PBXFileReference; explicitFileType = wrapper.cfbundle; includeInIndex = 0; path = StenographyTests.xctest; sourceTree = BUILT_PRODUCTS_DIR; };
		88C976CE196DCA4E00E2E726 /* XCTest.framework */ = {isa = PBXFileReference; lastKnownFileType = wrapper.framework; name = XCTest.framework; path = Library/Frameworks/XCTest.framework; sourceTree = DEVELOPER_DIR; };
		88C976D6196DCA4E00E2E726 /* StenographyTests-Info.plist */ = {isa = PBXFileReference; lastKnownFileType = text.plist.xml; path = "StenographyTests-Info.plist"; sourceTree = "<group>"; };
		88C976D8196DCA4E00E2E726 /* en */ = {isa = PBXFileReference; lastKnownFileType = text.plist.strings; name = en; path = en.lproj/InfoPlist.strings; sourceTree = "<group>"; };
		88C976DA196DCA4E00E2E726 /* StenographyTests.m */ = {isa = PBXFileReference; lastKnownFileType = sourcecode.c.objc; path = StenographyTests.m; sourceTree = "<group>"; };
		88C976E4196DCD2F00E2E726 /* cat.jpg */ = {isa = PBXFileReference; lastKnownFileType = image.jpeg; path = cat.jpg; sourceTree = "<group>"; };
		88C976E6196DCFBF00E2E726 /* Reader.h */ = {isa = PBXFileReference; fileEncoding = 4; lastKnownFileType = sourcecode.c.h; path = Reader.h; sourceTree = "<group>"; };
		88C976E7196DCFBF00E2E726 /* Reader.m */ = {isa = PBXFileReference; fileEncoding = 4; lastKnownFileType = sourcecode.c.objc; path = Reader.m; sourceTree = "<group>"; };
/* End PBXFileReference section */

/* Begin PBXFrameworksBuildPhase section */
		88C976A9196DCA4D00E2E726 /* Frameworks */ = {
			isa = PBXFrameworksBuildPhase;
			buildActionMask = 2147483647;
			files = (
				88C976B2196DCA4E00E2E726 /* CoreGraphics.framework in Frameworks */,
				88C976B4196DCA4E00E2E726 /* UIKit.framework in Frameworks */,
				88C976B0196DCA4E00E2E726 /* Foundation.framework in Frameworks */,
			);
			runOnlyForDeploymentPostprocessing = 0;
		};
		88C976CA196DCA4E00E2E726 /* Frameworks */ = {
			isa = PBXFrameworksBuildPhase;
			buildActionMask = 2147483647;
			files = (
				88C976CF196DCA4E00E2E726 /* XCTest.framework in Frameworks */,
				88C976D1196DCA4E00E2E726 /* UIKit.framework in Frameworks */,
				88C976D0196DCA4E00E2E726 /* Foundation.framework in Frameworks */,
			);
			runOnlyForDeploymentPostprocessing = 0;
		};
/* End PBXFrameworksBuildPhase section */

/* Begin PBXGroup section */
		88C976A3196DCA4D00E2E726 = {
			isa = PBXGroup;
			children = (
				88C976B5196DCA4E00E2E726 /* Stenography */,
				88C976D4196DCA4E00E2E726 /* StenographyTests */,
				88C976AE196DCA4E00E2E726 /* Frameworks */,
				88C976AD196DCA4E00E2E726 /* Products */,
			);
			sourceTree = "<group>";
		};
		88C976AD196DCA4E00E2E726 /* Products */ = {
			isa = PBXGroup;
			children = (
				88C976AC196DCA4E00E2E726 /* Stenography.app */,
				88C976CD196DCA4E00E2E726 /* StenographyTests.xctest */,
			);
			name = Products;
			sourceTree = "<group>";
		};
		88C976AE196DCA4E00E2E726 /* Frameworks */ = {
			isa = PBXGroup;
			children = (
				88C976AF196DCA4E00E2E726 /* Foundation.framework */,
				88C976B1196DCA4E00E2E726 /* CoreGraphics.framework */,
				88C976B3196DCA4E00E2E726 /* UIKit.framework */,
				88C976CE196DCA4E00E2E726 /* XCTest.framework */,
			);
			name = Frameworks;
			sourceTree = "<group>";
		};
		88C976B5196DCA4E00E2E726 /* Stenography */ = {
			isa = PBXGroup;
			children = (
				88C976E4196DCD2F00E2E726 /* cat.jpg */,
				88C976E9196DD03300E2E726 /* Classes */,
				88C976EA196DD04500E2E726 /* Delegate */,
				88C976EB196DD04E00E2E726 /* Interface */,
				88C976EC196DD06400E2E726 /* ViewControllers */,
				88C976C7196DCA4E00E2E726 /* Images.xcassets */,
				88C976B6196DCA4E00E2E726 /* Supporting Files */,
			);
			path = Stenography;
			sourceTree = "<group>";
		};
		88C976B6196DCA4E00E2E726 /* Supporting Files */ = {
			isa = PBXGroup;
			children = (
				88C976B7196DCA4E00E2E726 /* Stenography-Info.plist */,
				88C976B8196DCA4E00E2E726 /* InfoPlist.strings */,
				88C976BB196DCA4E00E2E726 /* main.m */,
				88C976BD196DCA4E00E2E726 /* Stenography-Prefix.pch */,
			);
			name = "Supporting Files";
			sourceTree = "<group>";
		};
		88C976D4196DCA4E00E2E726 /* StenographyTests */ = {
			isa = PBXGroup;
			children = (
				88C976DA196DCA4E00E2E726 /* StenographyTests.m */,
				88C976D5196DCA4E00E2E726 /* Supporting Files */,
			);
			path = StenographyTests;
			sourceTree = "<group>";
		};
		88C976D5196DCA4E00E2E726 /* Supporting Files */ = {
			isa = PBXGroup;
			children = (
				88C976D6196DCA4E00E2E726 /* StenographyTests-Info.plist */,
				88C976D7196DCA4E00E2E726 /* InfoPlist.strings */,
			);
			name = "Supporting Files";
			sourceTree = "<group>";
		};
		88C976E9196DD03300E2E726 /* Classes */ = {
			isa = PBXGroup;
			children = (
				88C976E6196DCFBF00E2E726 /* Reader.h */,
				88C976E7196DCFBF00E2E726 /* Reader.m */,
			);
			name = Classes;
			sourceTree = "<group>";
		};
		88C976EA196DD04500E2E726 /* Delegate */ = {
			isa = PBXGroup;
			children = (
				88C976BE196DCA4E00E2E726 /* AppDelegate.h */,
				88C976BF196DCA4E00E2E726 /* AppDelegate.m */,
			);
			name = Delegate;
			sourceTree = "<group>";
		};
		88C976EB196DD04E00E2E726 /* Interface */ = {
			isa = PBXGroup;
			children = (
				88C976C1196DCA4E00E2E726 /* Main.storyboard */,
			);
			name = Interface;
			sourceTree = "<group>";
		};
		88C976EC196DD06400E2E726 /* ViewControllers */ = {
			isa = PBXGroup;
			children = (
				88C976C4196DCA4E00E2E726 /* ViewController.h */,
				88C976C5196DCA4E00E2E726 /* ViewController.m */,
			);
			name = ViewControllers;
			sourceTree = "<group>";
		};
/* End PBXGroup section */

/* Begin PBXNativeTarget section */
		88C976AB196DCA4D00E2E726 /* Stenography */ = {
			isa = PBXNativeTarget;
			buildConfigurationList = 88C976DE196DCA4E00E2E726 /* Build configuration list for PBXNativeTarget "Stenography" */;
			buildPhases = (
				88C976A8196DCA4D00E2E726 /* Sources */,
				88C976A9196DCA4D00E2E726 /* Frameworks */,
				88C976AA196DCA4D00E2E726 /* Resources */,
			);
			buildRules = (
			);
			dependencies = (
			);
			name = Stenography;
			productName = Stenography;
			productReference = 88C976AC196DCA4E00E2E726 /* Stenography.app */;
			productType = "com.apple.product-type.application";
		};
		88C976CC196DCA4E00E2E726 /* StenographyTests */ = {
			isa = PBXNativeTarget;
			buildConfigurationList = 88C976E1196DCA4E00E2E726 /* Build configuration list for PBXNativeTarget "StenographyTests" */;
			buildPhases = (
				88C976C9196DCA4E00E2E726 /* Sources */,
				88C976CA196DCA4E00E2E726 /* Frameworks */,
				88C976CB196DCA4E00E2E726 /* Resources */,
			);
			buildRules = (
			);
			dependencies = (
				88C976D3196DCA4E00E2E726 /* PBXTargetDependency */,
			);
			name = StenographyTests;
			productName = StenographyTests;
			productReference = 88C976CD196DCA4E00E2E726 /* StenographyTests.xctest */;
			productType = "com.apple.product-type.bundle.unit-test";
		};
/* End PBXNativeTarget section */

/* Begin PBXProject section */
		88C976A4196DCA4D00E2E726 /* Project object */ = {
			isa = PBXProject;
			attributes = {
				LastUpgradeCheck = 0510;
				ORGANIZATIONNAME = "Eric Simon";
				TargetAttributes = {
					88C976CC196DCA4E00E2E726 = {
						TestTargetID = 88C976AB196DCA4D00E2E726;
					};
				};
			};
			buildConfigurationList = 88C976A7196DCA4D00E2E726 /* Build configuration list for PBXProject "Stenography" */;
			compatibilityVersion = "Xcode 3.2";
			developmentRegion = English;
			hasScannedForEncodings = 0;
			knownRegions = (
				en,
				Base,
			);
			mainGroup = 88C976A3196DCA4D00E2E726;
			productRefGroup = 88C976AD196DCA4E00E2E726 /* Products */;
			projectDirPath = "";
			projectRoot = "";
			targets = (
				88C976AB196DCA4D00E2E726 /* Stenography */,
				88C976CC196DCA4E00E2E726 /* StenographyTests */,
			);
		};
/* End PBXProject section */

/* Begin PBXResourcesBuildPhase section */
		88C976AA196DCA4D00E2E726 /* Resources */ = {
			isa = PBXResourcesBuildPhase;
			buildActionMask = 2147483647;
			files = (
				88C976C8196DCA4E00E2E726 /* Images.xcassets in Resources */,
				88C976BA196DCA4E00E2E726 /* InfoPlist.strings in Resources */,
				88C976E5196DCD2F00E2E726 /* cat.jpg in Resources */,
				88C976C3196DCA4E00E2E726 /* Main.storyboard in Resources */,
			);
			runOnlyForDeploymentPostprocessing = 0;
		};
		88C976CB196DCA4E00E2E726 /* Resources */ = {
			isa = PBXResourcesBuildPhase;
			buildActionMask = 2147483647;
			files = (
				88C976D9196DCA4E00E2E726 /* InfoPlist.strings in Resources */,
			);
			runOnlyForDeploymentPostprocessing = 0;
		};
/* End PBXResourcesBuildPhase section */

/* Begin PBXSourcesBuildPhase section */
		88C976A8196DCA4D00E2E726 /* Sources */ = {
			isa = PBXSourcesBuildPhase;
			buildActionMask = 2147483647;
			files = (
				88C976C6196DCA4E00E2E726 /* ViewController.m in Sources */,
				88C976C0196DCA4E00E2E726 /* AppDelegate.m in Sources */,
				88C976E8196DCFBF00E2E726 /* Reader.m in Sources */,
				88C976BC196DCA4E00E2E726 /* main.m in Sources */,
			);
			runOnlyForDeploymentPostprocessing = 0;
		};
		88C976C9196DCA4E00E2E726 /* Sources */ = {
			isa = PBXSourcesBuildPhase;
			buildActionMask = 2147483647;
			files = (
				88C976DB196DCA4E00E2E726 /* StenographyTests.m in Sources */,
			);
			runOnlyForDeploymentPostprocessing = 0;
		};
/* End PBXSourcesBuildPhase section */

/* Begin PBXTargetDependency section */
		88C976D3196DCA4E00E2E726 /* PBXTargetDependency */ = {
			isa = PBXTargetDependency;
			target = 88C976AB196DCA4D00E2E726 /* Stenography */;
			targetProxy = 88C976D2196DCA4E00E2E726 /* PBXContainerItemProxy */;
		};
/* End PBXTargetDependency section */

/* Begin PBXVariantGroup section */
		88C976B8196DCA4E00E2E726 /* InfoPlist.strings */ = {
			isa = PBXVariantGroup;
			children = (
				88C976B9196DCA4E00E2E726 /* en */,
			);
			name = InfoPlist.strings;
			sourceTree = "<group>";
		};
		88C976C1196DCA4E00E2E726 /* Main.storyboard */ = {
			isa = PBXVariantGroup;
			children = (
				88C976C2196DCA4E00E2E726 /* Base */,
			);
			name = Main.storyboard;
			sourceTree = "<group>";
		};
		88C976D7196DCA4E00E2E726 /* InfoPlist.strings */ = {
			isa = PBXVariantGroup;
			children = (
				88C976D8196DCA4E00E2E726 /* en */,
			);
			name = InfoPlist.strings;
			sourceTree = "<group>";
		};
/* End PBXVariantGroup section */

/* Begin XCBuildConfiguration section */
		88C976DC196DCA4E00E2E726 /* Debug */ = {
			isa = XCBuildConfiguration;
			buildSettings = {
				ALWAYS_SEARCH_USER_PATHS = NO;
				CLANG_CXX_LANGUAGE_STANDARD = "gnu++0x";
				CLANG_CXX_LIBRARY = "libc++";
				CLANG_ENABLE_MODULES = YES;
				CLANG_ENABLE_OBJC_ARC = YES;
				CLANG_WARN_BOOL_CONVERSION = YES;
				CLANG_WARN_CONSTANT_CONVERSION = YES;
				CLANG_WARN_DIRECT_OBJC_ISA_USAGE = YES_ERROR;
				CLANG_WARN_EMPTY_BODY = YES;
				CLANG_WARN_ENUM_CONVERSION = YES;
				CLANG_WARN_INT_CONVERSION = YES;
				CLANG_WARN_OBJC_ROOT_CLASS = YES_ERROR;
				CLANG_WARN__DUPLICATE_METHOD_MATCH = YES;
				"CODE_SIGN_IDENTITY[sdk=iphoneos*]" = "iPhone Developer";
				COPY_PHASE_STRIP = NO;
				GCC_C_LANGUAGE_STANDARD = gnu99;
				GCC_DYNAMIC_NO_PIC = NO;
				GCC_OPTIMIZATION_LEVEL = 0;
				GCC_PREPROCESSOR_DEFINITIONS = (
					"DEBUG=1",
					"$(inherited)",
				);
				GCC_SYMBOLS_PRIVATE_EXTERN = NO;
				GCC_WARN_64_TO_32_BIT_CONVERSION = YES;
				GCC_WARN_ABOUT_RETURN_TYPE = YES_ERROR;
				GCC_WARN_UNDECLARED_SELECTOR = YES;
				GCC_WARN_UNINITIALIZED_AUTOS = YES_AGGRESSIVE;
				GCC_WARN_UNUSED_FUNCTION = YES;
				GCC_WARN_UNUSED_VARIABLE = YES;
				IPHONEOS_DEPLOYMENT_TARGET = 7.1;
				ONLY_ACTIVE_ARCH = YES;
				SDKROOT = iphoneos;
			};
			name = Debug;
		};
		88C976DD196DCA4E00E2E726 /* Release */ = {
			isa = XCBuildConfiguration;
			buildSettings = {
				ALWAYS_SEARCH_USER_PATHS = NO;
				CLANG_CXX_LANGUAGE_STANDARD = "gnu++0x";
				CLANG_CXX_LIBRARY = "libc++";
				CLANG_ENABLE_MODULES = YES;
				CLANG_ENABLE_OBJC_ARC = YES;
				CLANG_WARN_BOOL_CONVERSION = YES;
				CLANG_WARN_CONSTANT_CONVERSION = YES;
				CLANG_WARN_DIRECT_OBJC_ISA_USAGE = YES_ERROR;
				CLANG_WARN_EMPTY_BODY = YES;
				CLANG_WARN_ENUM_CONVERSION = YES;
				CLANG_WARN_INT_CONVERSION = YES;
				CLANG_WARN_OBJC_ROOT_CLASS = YES_ERROR;
				CLANG_WARN__DUPLICATE_METHOD_MATCH = YES;
				"CODE_SIGN_IDENTITY[sdk=iphoneos*]" = "iPhone Developer";
				COPY_PHASE_STRIP = YES;
				ENABLE_NS_ASSERTIONS = NO;
				GCC_C_LANGUAGE_STANDARD = gnu99;
				GCC_WARN_64_TO_32_BIT_CONVERSION = YES;
				GCC_WARN_ABOUT_RETURN_TYPE = YES_ERROR;
				GCC_WARN_UNDECLARED_SELECTOR = YES;
				GCC_WARN_UNINITIALIZED_AUTOS = YES_AGGRESSIVE;
				GCC_WARN_UNUSED_FUNCTION = YES;
				GCC_WARN_UNUSED_VARIABLE = YES;
				IPHONEOS_DEPLOYMENT_TARGET = 7.1;
				SDKROOT = iphoneos;
				VALIDATE_PRODUCT = YES;
			};
			name = Release;
		};
		88C976DF196DCA4E00E2E726 /* Debug */ = {
			isa = XCBuildConfiguration;
			buildSettings = {
				ASSETCATALOG_COMPILER_APPICON_NAME = AppIcon;
				ASSETCATALOG_COMPILER_LAUNCHIMAGE_NAME = LaunchImage;
				GCC_PRECOMPILE_PREFIX_HEADER = YES;
				GCC_PREFIX_HEADER = "Stenography/Stenography-Prefix.pch";
				INFOPLIST_FILE = "Stenography/Stenography-Info.plist";
				PRODUCT_NAME = "$(TARGET_NAME)";
				WRAPPER_EXTENSION = app;
			};
			name = Debug;
		};
		88C976E0196DCA4E00E2E726 /* Release */ = {
			isa = XCBuildConfiguration;
			buildSettings = {
				ASSETCATALOG_COMPILER_APPICON_NAME = AppIcon;
				ASSETCATALOG_COMPILER_LAUNCHIMAGE_NAME = LaunchImage;
				GCC_PRECOMPILE_PREFIX_HEADER = YES;
				GCC_PREFIX_HEADER = "Stenography/Stenography-Prefix.pch";
				INFOPLIST_FILE = "Stenography/Stenography-Info.plist";
				PRODUCT_NAME = "$(TARGET_NAME)";
				WRAPPER_EXTENSION = app;
			};
			name = Release;
		};
		88C976E2196DCA4E00E2E726 /* Debug */ = {
			isa = XCBuildConfiguration;
			buildSettings = {
				BUNDLE_LOADER = "$(BUILT_PRODUCTS_DIR)/Stenography.app/Stenography";
				FRAMEWORK_SEARCH_PATHS = (
					"$(SDKROOT)/Developer/Library/Frameworks",
					"$(inherited)",
					"$(DEVELOPER_FRAMEWORKS_DIR)",
				);
				GCC_PRECOMPILE_PREFIX_HEADER = YES;
				GCC_PREFIX_HEADER = "Stenography/Stenography-Prefix.pch";
				GCC_PREPROCESSOR_DEFINITIONS = (
					"DEBUG=1",
					"$(inherited)",
				);
				INFOPLIST_FILE = "StenographyTests/StenographyTests-Info.plist";
				PRODUCT_NAME = "$(TARGET_NAME)";
				TEST_HOST = "$(BUNDLE_LOADER)";
				WRAPPER_EXTENSION = xctest;
			};
			name = Debug;
		};
		88C976E3196DCA4E00E2E726 /* Release */ = {
			isa = XCBuildConfiguration;
			buildSettings = {
				BUNDLE_LOADER = "$(BUILT_PRODUCTS_DIR)/Stenography.app/Stenography";
				FRAMEWORK_SEARCH_PATHS = (
					"$(SDKROOT)/Developer/Library/Frameworks",
					"$(inherited)",
					"$(DEVELOPER_FRAMEWORKS_DIR)",
				);
				GCC_PRECOMPILE_PREFIX_HEADER = YES;
				GCC_PREFIX_HEADER = "Stenography/Stenography-Prefix.pch";
				INFOPLIST_FILE = "StenographyTests/StenographyTests-Info.plist";
				PRODUCT_NAME = "$(TARGET_NAME)";
				TEST_HOST = "$(BUNDLE_LOADER)";
				WRAPPER_EXTENSION = xctest;
			};
			name = Release;
		};
/* End XCBuildConfiguration section */

/* Begin XCConfigurationList section */
		88C976A7196DCA4D00E2E726 /* Build configuration list for PBXProject "Stenography" */ = {
			isa = XCConfigurationList;
			buildConfigurations = (
				88C976DC196DCA4E00E2E726 /* Debug */,
				88C976DD196DCA4E00E2E726 /* Release */,
			);
			defaultConfigurationIsVisible = 0;
			defaultConfigurationName = Release;
		};
		88C976DE196DCA4E00E2E726 /* Build configuration list for PBXNativeTarget "Stenography" */ = {
			isa = XCConfigurationList;
			buildConfigurations = (
				88C976DF196DCA4E00E2E726 /* Debug */,
				88C976E0196DCA4E00E2E726 /* Release */,
			);
			defaultConfigurationIsVisible = 0;
		};
		88C976E1196DCA4E00E2E726 /* Build configuration list for PBXNativeTarget "StenographyTests" */ = {
			isa = XCConfigurationList;
			buildConfigurations = (
				88C976E2196DCA4E00E2E726 /* Debug */,
				88C976E3196DCA4E00E2E726 /* Release */,
			);
			defaultConfigurationIsVisible = 0;
		};
/* End XCConfigurationList section */
	};
	rootObject = 88C976A4196DCA4D00E2E726 /* Project object */;
}
